
Microsoft Visual Studio Solution File, Format Version 12.00
# Visual Studio Version 16
VisualStudioVersion = 16.0.30804.86
MinimumVisualStudioVersion = 10.0.40219.1
Project("{FAE04EC0-301F-11D3-BF4B-00C04F79EFBC}") = "FTPDataDirectory", "FTPDataDirectory\FTPDataDirectory.csproj", "{B8A9A690-ED6C-4672-B617-824FC1B5E442}"
EndProject
Global
	GlobalSection(SolutionConfigurationPlatforms) = preSolution
		Debug|Any CPU = Debug|Any CPU
		Release|Any CPU = Release|Any CPU
	EndGlobalSection
	GlobalSection(ProjectConfigurationPlatforms) = postSolution
		{B8A9A690-ED6C-4672-B617-824FC1B5E442}.Debug|Any CPU.ActiveCfg = Debug|Any CPU
		{B8A9A690-ED6C-4672-B617-824FC1B5E442}.Debug|Any CPU.Build.0 = Debug|Any CPU
		{B8A9A690-ED6C-4672-B617-824FC1B5E442}.Release|Any CPU.ActiveCfg = Release|Any CPU
		{B8A9A690-ED6C-4672-B617-824FC1B5E442}.Release|Any CPU.Build.0 = Release|Any CPU
	EndGlobalSection
	GlobalSection(SolutionProperties) = preSolution
		HideSolutionNode = FALSE
	EndGlobalSection
	GlobalSection(ExtensibilityGlobals) = postSolution
		SolutionGuid = {DC23472D-E77C-47C9-8785-30A7AD7C49B0}
	EndGlobalSection
EndGlobal
